
Microsoft Visual Studio Solution File, Format Version 12.00
Project("{FAE04EC0-301F-11D3-BF4B-00C04F79EFBC}") = "UAssetDiffTool", "UAssetDiffTool\UAssetDiffTool.csproj", "{385679D8-60FD-4F40-A786-DBE3807F1EFF}"
EndProject
Project("{FAE04EC0-301F-11D3-BF4B-00C04F79EFBC}") = "UAssetAPI", "..\UAssetAPI\UAssetAPI\UAssetAPI.csproj", "{178417EC-1177-413E-BE85-C83AECD64279}"
EndProject
Project("{2150E333-8FDC-42A3-9474-1A3956D46DE8}") = "web-diff-viewer", "web-diff-viewer", "{6100B9D6-CA3C-47CD-BAA6-6B4D5E25DB99}"
EndProject
Global
	GlobalSection(SolutionConfigurationPlatforms) = preSolution
		Debug|Any CPU = Debug|Any CPU
		Release|Any CPU = Release|Any CPU
	EndGlobalSection
	GlobalSection(ProjectConfigurationPlatforms) = postSolution
		{385679D8-60FD-4F40-A786-DBE3807F1EFF}.Debug|Any CPU.ActiveCfg = Debug|Any CPU
		{385679D8-60FD-4F40-A786-DBE3807F1EFF}.Debug|Any CPU.Build.0 = Debug|Any CPU
		{385679D8-60FD-4F40-A786-DBE3807F1EFF}.Release|Any CPU.ActiveCfg = Release|Any CPU
		{385679D8-60FD-4F40-A786-DBE3807F1EFF}.Release|Any CPU.Build.0 = Release|Any CPU
		{178417EC-1177-413E-BE85-C83AECD64279}.Debug|Any CPU.ActiveCfg = Debug|Any CPU
		{178417EC-1177-413E-BE85-C83AECD64279}.Debug|Any CPU.Build.0 = Debug|Any CPU
		{178417EC-1177-413E-BE85-C83AECD64279}.Release|Any CPU.ActiveCfg = Release|Any CPU
		{178417EC-1177-413E-BE85-C83AECD64279}.Release|Any CPU.Build.0 = Release|Any CPU
	EndGlobalSection
EndGlobal
